
Microsoft Visual Studio Solution File, Format Version 12.00
# Visual Studio Version 17
VisualStudioVersion = 17.11.35303.130
MinimumVisualStudioVersion = 10.0.40219.1
Project("{FAE04EC0-301F-11D3-BF4B-00C04F79EFBC}") = "Movie_Shop!", "Movie_Shop!\Movie_Shop!.csproj", "{87412267-8AC7-4D47-9DB6-EEB930CFD759}"
EndProject
Global
	GlobalSection(SolutionConfigurationPlatforms) = preSolution
		Debug|Any CPU = Debug|Any CPU
		Release|Any CPU = Release|Any CPU
	EndGlobalSection
	GlobalSection(ProjectConfigurationPlatforms) = postSolution
		{87412267-8AC7-4D47-9DB6-EEB930CFD759}.Debug|Any CPU.ActiveCfg = Debug|Any CPU
		{87412267-8AC7-4D47-9DB6-EEB930CFD759}.Debug|Any CPU.Build.0 = Debug|Any CPU
		{87412267-8AC7-4D47-9DB6-EEB930CFD759}.Release|Any CPU.ActiveCfg = Release|Any CPU
		{87412267-8AC7-4D47-9DB6-EEB930CFD759}.Release|Any CPU.Build.0 = Release|Any CPU
	EndGlobalSection
	GlobalSection(SolutionProperties) = preSolution
		HideSolutionNode = FALSE
	EndGlobalSection
	GlobalSection(ExtensibilityGlobals) = postSolution
		SolutionGuid = {5CF3B57E-1DA2-427B-80FB-D667C54D752A}
	EndGlobalSection
EndGlobal
